
Microsoft Visual Studio Solution File, Format Version 12.00
# Visual Studio Version 17
VisualStudioVersion = 17.8.34330.188
MinimumVisualStudioVersion = 10.0.40219.1
Project("{FAE04EC0-301F-11D3-BF4B-00C04F79EFBC}") = "project", "project\project.csproj", "{EB409799-8245-4902-B2C6-C20FB614265A}"
EndProject
Global
	GlobalSection(SolutionConfigurationPlatforms) = preSolution
		Debug|Any CPU = Debug|Any CPU
		Release|Any CPU = Release|Any CPU
	EndGlobalSection
	GlobalSection(ProjectConfigurationPlatforms) = postSolution
		{EB409799-8245-4902-B2C6-C20FB614265A}.Debug|Any CPU.ActiveCfg = Debug|Any CPU
		{EB409799-8245-4902-B2C6-C20FB614265A}.Debug|Any CPU.Build.0 = Debug|Any CPU
		{EB409799-8245-4902-B2C6-C20FB614265A}.Release|Any CPU.ActiveCfg = Release|Any CPU
		{EB409799-8245-4902-B2C6-C20FB614265A}.Release|Any CPU.Build.0 = Release|Any CPU
	EndGlobalSection
	GlobalSection(SolutionProperties) = preSolution
		HideSolutionNode = FALSE
	EndGlobalSection
	GlobalSection(ExtensibilityGlobals) = postSolution
		SolutionGuid = {6CCEB014-2B4E-4439-9468-DB285DEB9F0E}
	EndGlobalSection
EndGlobal
